
Microsoft Visual Studio Solution File, Format Version 12.00
# Visual Studio Version 17
VisualStudioVersion = 17.9.34728.123
MinimumVisualStudioVersion = 10.0.40219.1
Project("{8BC9CEB8-8B4A-11D0-8D11-00A0C91BC942}") = "GUI", "GUI\GUI.vcxproj", "{303BD213-26C1-481D-90E7-244A00C5ED67}"
EndProject
Global
	GlobalSection(SolutionConfigurationPlatforms) = preSolution
		Debug|x64 = Debug|x64
		Debug|x86 = Debug|x86
		Release|x64 = Release|x64
		Release|x86 = Release|x86
	EndGlobalSection
	GlobalSection(ProjectConfigurationPlatforms) = postSolution
		{303BD213-26C1-481D-90E7-244A00C5ED67}.Debug|x64.ActiveCfg = Debug|x64
		{303BD213-26C1-481D-90E7-244A00C5ED67}.Debug|x64.Build.0 = Debug|x64
		{303BD213-26C1-481D-90E7-244A00C5ED67}.Debug|x86.ActiveCfg = Debug|Win32
		{303BD213-26C1-481D-90E7-244A00C5ED67}.Debug|x86.Build.0 = Debug|Win32
		{303BD213-26C1-481D-90E7-244A00C5ED67}.Release|x64.ActiveCfg = Release|x64
		{303BD213-26C1-481D-90E7-244A00C5ED67}.Release|x64.Build.0 = Release|x64
		{303BD213-26C1-481D-90E7-244A00C5ED67}.Release|x86.ActiveCfg = Release|Win32
		{303BD213-26C1-481D-90E7-244A00C5ED67}.Release|x86.Build.0 = Release|Win32
	EndGlobalSection
	GlobalSection(SolutionProperties) = preSolution
		HideSolutionNode = FALSE
	EndGlobalSection
	GlobalSection(ExtensibilityGlobals) = postSolution
		SolutionGuid = {920B5D77-6E4E-40BB-B071-C1E892338ED7}
	EndGlobalSection
EndGlobal
